
Microsoft Visual Studio Solution File, Format Version 12.00
# Visual Studio Version 17
VisualStudioVersion = 17.1.32319.34
MinimumVisualStudioVersion = 10.0.40219.1
Project("{9A19103F-16F7-4668-BE54-9A1E7A4F7556}") = "GameSaper.WindowsForms", "GameSaper.WindowsForms\GameSaper.WindowsForms.csproj", "{6954AD96-D28D-45A5-BB5B-F761B5202A4B}"
EndProject
Project("{9A19103F-16F7-4668-BE54-9A1E7A4F7556}") = "GameSaper.Domain", "GameSaper.Domain\GameSaper.Domain.csproj", "{FF02709E-CF70-46E0-BCC6-599E8A43C6FD}"
EndProject
Project("{FAE04EC0-301F-11D3-BF4B-00C04F79EFBC}") = "GameSaper.Web3", "GameSaper.Web3\GameSaper.Web3.csproj", "{B3EFBB70-F681-4018-A138-C592E93646BE}"
EndProject
Global
	GlobalSection(SolutionConfigurationPlatforms) = preSolution
		Debug|Any CPU = Debug|Any CPU
		Release|Any CPU = Release|Any CPU
	EndGlobalSection
	GlobalSection(ProjectConfigurationPlatforms) = postSolution
		{6954AD96-D28D-45A5-BB5B-F761B5202A4B}.Debug|Any CPU.ActiveCfg = Debug|Any CPU
		{6954AD96-D28D-45A5-BB5B-F761B5202A4B}.Debug|Any CPU.Build.0 = Debug|Any CPU
		{6954AD96-D28D-45A5-BB5B-F761B5202A4B}.Release|Any CPU.ActiveCfg = Release|Any CPU
		{6954AD96-D28D-45A5-BB5B-F761B5202A4B}.Release|Any CPU.Build.0 = Release|Any CPU
		{FF02709E-CF70-46E0-BCC6-599E8A43C6FD}.Debug|Any CPU.ActiveCfg = Debug|Any CPU
		{FF02709E-CF70-46E0-BCC6-599E8A43C6FD}.Debug|Any CPU.Build.0 = Debug|Any CPU
		{FF02709E-CF70-46E0-BCC6-599E8A43C6FD}.Release|Any CPU.ActiveCfg = Release|Any CPU
		{FF02709E-CF70-46E0-BCC6-599E8A43C6FD}.Release|Any CPU.Build.0 = Release|Any CPU
		{B3EFBB70-F681-4018-A138-C592E93646BE}.Debug|Any CPU.ActiveCfg = Debug|Any CPU
		{B3EFBB70-F681-4018-A138-C592E93646BE}.Debug|Any CPU.Build.0 = Debug|Any CPU
		{B3EFBB70-F681-4018-A138-C592E93646BE}.Release|Any CPU.ActiveCfg = Release|Any CPU
		{B3EFBB70-F681-4018-A138-C592E93646BE}.Release|Any CPU.Build.0 = Release|Any CPU
	EndGlobalSection
	GlobalSection(SolutionProperties) = preSolution
		HideSolutionNode = FALSE
	EndGlobalSection
	GlobalSection(ExtensibilityGlobals) = postSolution
		SolutionGuid = {7C34AA47-AB1D-46AB-9D49-20C98C47C79A}
	EndGlobalSection
EndGlobal
